
Microsoft Visual Studio Solution File, Format Version 12.00
# Visual Studio Version 16
VisualStudioVersion = 16.0.31321.278
MinimumVisualStudioVersion = 10.0.40219.1
Project("{9A19103F-16F7-4668-BE54-9A1E7A4F7556}") = "OnlineWatchShop.Web", "OnlineWatchShop\OnlineWatchShop.Web.csproj", "{88746F5F-145A-41F3-B82D-4B6928C85F7E}"
EndProject
Project("{9A19103F-16F7-4668-BE54-9A1E7A4F7556}") = "OnlineWatchShop.DAL", "OnlineWatchShop.DAL\OnlineWatchShop.DAL.csproj", "{60C99987-9A57-41FD-B3F3-101A3168E514}"
EndProject
Project("{9A19103F-16F7-4668-BE54-9A1E7A4F7556}") = "Hashing", "Hasing\Hashing.csproj", "{FCFA87F6-50A2-46F2-A71A-2AD03BBB9B2B}"
EndProject
Global
	GlobalSection(SolutionConfigurationPlatforms) = preSolution
		Debug|Any CPU = Debug|Any CPU
		Release|Any CPU = Release|Any CPU
	EndGlobalSection
	GlobalSection(ProjectConfigurationPlatforms) = postSolution
		{88746F5F-145A-41F3-B82D-4B6928C85F7E}.Debug|Any CPU.ActiveCfg = Debug|Any CPU
		{88746F5F-145A-41F3-B82D-4B6928C85F7E}.Debug|Any CPU.Build.0 = Debug|Any CPU
		{88746F5F-145A-41F3-B82D-4B6928C85F7E}.Release|Any CPU.ActiveCfg = Release|Any CPU
		{88746F5F-145A-41F3-B82D-4B6928C85F7E}.Release|Any CPU.Build.0 = Release|Any CPU
		{60C99987-9A57-41FD-B3F3-101A3168E514}.Debug|Any CPU.ActiveCfg = Debug|Any CPU
		{60C99987-9A57-41FD-B3F3-101A3168E514}.Debug|Any CPU.Build.0 = Debug|Any CPU
		{60C99987-9A57-41FD-B3F3-101A3168E514}.Release|Any CPU.ActiveCfg = Release|Any CPU
		{60C99987-9A57-41FD-B3F3-101A3168E514}.Release|Any CPU.Build.0 = Release|Any CPU
		{FCFA87F6-50A2-46F2-A71A-2AD03BBB9B2B}.Debug|Any CPU.ActiveCfg = Debug|Any CPU
		{FCFA87F6-50A2-46F2-A71A-2AD03BBB9B2B}.Debug|Any CPU.Build.0 = Debug|Any CPU
		{FCFA87F6-50A2-46F2-A71A-2AD03BBB9B2B}.Release|Any CPU.ActiveCfg = Release|Any CPU
		{FCFA87F6-50A2-46F2-A71A-2AD03BBB9B2B}.Release|Any CPU.Build.0 = Release|Any CPU
	EndGlobalSection
	GlobalSection(SolutionProperties) = preSolution
		HideSolutionNode = FALSE
	EndGlobalSection
	GlobalSection(ExtensibilityGlobals) = postSolution
		SolutionGuid = {141C99F8-175F-4DCB-A94D-E69BD0DA0EB0}
	EndGlobalSection
EndGlobal
